{
    "name": "my-vite",
    "version": "1.0.0",
    "lockfileVersion": 1,
    "requires": true,
    "dependencies": {
        "@babel/helper-validator-identifier": {
            "version": "7.12.11",
            "resolved": "https://registry.npm.taobao.org/@babel/helper-validator-identifier/download/@babel/helper-validator-identifier-7.12.11.tgz?cache=0&sync_timestamp=1608076959746&other_urls=https%3A%2F%2Fregistry.npm.taobao.org%2F%40babel%2Fhelper-validator-identifier%2Fdownload%2F%40babel%2Fhelper-validator-identifier-7.12.11.tgz",
            "integrity": "sha1-yaHwIZF9y1zPDU5FPjmQIpgfye0="
        },
        "@babel/parser": {
            "version": "7.13.13",
            "resolved": "https://registry.npm.taobao.org/@babel/parser/download/@babel/parser-7.13.13.tgz?cache=0&sync_timestamp=1616794050920&other_urls=https%3A%2F%2Fregistry.npm.taobao.org%2F%40babel%2Fparser%2Fdownload%2F%40babel%2Fparser-7.13.13.tgz",
            "integrity": "sha1-QvA4YvSu1QRh5UMnCRa0fdUB8N8="
        },
        "@babel/types": {
            "version": "7.13.14",
            "resolved": "https://registry.npm.taobao.org/@babel/types/download/@babel/types-7.13.14.tgz?cache=0&sync_timestamp=1617027429038&other_urls=https%3A%2F%2Fregistry.npm.taobao.org%2F%40babel%2Ftypes%2Fdownload%2F%40babel%2Ftypes-7.13.14.tgz",
            "integrity": "sha1-w1pKuxXHzUWidG14qzKONiy6zg0=",
            "requires": {
                "@babel/helper-validator-identifier": "^7.12.11",
                "lodash": "^4.17.19",
                "to-fast-properties": "^2.0.0"
            }
        },
        "@vue/compiler-core": {
            "version": "3.0.11",
            "resolved": "https://registry.npm.taobao.org/@vue/compiler-core/download/@vue/compiler-core-3.0.11.tgz",
            "integrity": "sha1-XvV55G17M2uHNSKHWNHCxQWq5po=",
            "requires": {
                "@babel/parser": "^7.12.0",
                "@babel/types": "^7.12.0",
                "@vue/shared": "3.0.11",
                "estree-walker": "^2.0.1",
                "source-map": "^0.6.1"
            }
        },
        "@vue/compiler-dom": {
            "version": "3.0.11",
            "resolved": "https://registry.npm.taobao.org/@vue/compiler-dom/download/@vue/compiler-dom-3.0.11.tgz?cache=0&sync_timestamp=1617321696823&other_urls=https%3A%2F%2Fregistry.npm.taobao.org%2F%40vue%2Fcompiler-dom%2Fdownload%2F%40vue%2Fcompiler-dom-3.0.11.tgz",
            "integrity": "sha1-sV/ByQk3H9ZxdGAgulW12rSnMO4=",
            "requires": {
                "@vue/compiler-core": "3.0.11",
                "@vue/shared": "3.0.11"
            }
        },
        "@vue/compiler-sfc": {
            "version": "3.0.11",
            "resolved": "https://registry.npm.taobao.org/@vue/compiler-sfc/download/@vue/compiler-sfc-3.0.11.tgz",
            "integrity": "sha1-zYyiFUuIlntSH1rTsQ9fi2tmVnk=",
            "requires": {
                "@babel/parser": "^7.13.9",
                "@babel/types": "^7.13.0",
                "@vue/compiler-core": "3.0.11",
                "@vue/compiler-dom": "3.0.11",
                "@vue/compiler-ssr": "3.0.11",
                "@vue/shared": "3.0.11",
                "consolidate": "^0.16.0",
                "estree-walker": "^2.0.1",
                "hash-sum": "^2.0.0",
                "lru-cache": "^5.1.1",
                "magic-string": "^0.25.7",
                "merge-source-map": "^1.1.0",
                "postcss": "^8.1.10",
                "postcss-modules": "^4.0.0",
                "postcss-selector-parser": "^6.0.4",
                "source-map": "^0.6.1"
            }
        },
        "@vue/compiler-ssr": {
            "version": "3.0.11",
            "resolved": "https://registry.npm.taobao.org/@vue/compiler-ssr/download/@vue/compiler-ssr-3.0.11.tgz",
            "integrity": "sha1-rFoF/RJXQS+mYHnII9ggO2qImhM=",
            "requires": {
                "@vue/compiler-dom": "3.0.11",
                "@vue/shared": "3.0.11"
            }
        },
        "@vue/shared": {
            "version": "3.0.11",
            "resolved": "https://registry.npm.taobao.org/@vue/shared/download/@vue/shared-3.0.11.tgz",
            "integrity": "sha1-INIt0Np9NYuyHBf5vehigVJkLHc="
        },
        "accepts": {
            "version": "1.3.7",
            "resolved": "https://registry.npm.taobao.org/accepts/download/accepts-1.3.7.tgz",
            "integrity": "sha1-UxvHJlF6OytB+FACHGzBXqq1B80=",
            "requires": {
                "mime-types": "~2.1.24",
                "negotiator": "0.6.2"
            }
        },
        "any-promise": {
            "version": "1.3.0",
            "resolved": "https://registry.npm.taobao.org/any-promise/download/any-promise-1.3.0.tgz",
            "integrity": "sha1-q8av7tzqUugJzcA3au0845Y10X8="
        },
        "big.js": {
            "version": "5.2.2",
            "resolved": "https://registry.npm.taobao.org/big.js/download/big.js-5.2.2.tgz",
            "integrity": "sha1-ZfCvOC9Xi83HQr2cKB6cstd2gyg="
        },
        "bluebird": {
            "version": "3.7.2",
            "resolved": "https://registry.npm.taobao.org/bluebird/download/bluebird-3.7.2.tgz?cache=0&sync_timestamp=1586263933818&other_urls=https%3A%2F%2Fregistry.npm.taobao.org%2Fbluebird%2Fdownload%2Fbluebird-3.7.2.tgz",
            "integrity": "sha1-nyKcFb4nJFT/qXOs4NvueaGww28="
        },
        "cache-content-type": {
            "version": "1.0.1",
            "resolved": "https://registry.npm.taobao.org/cache-content-type/download/cache-content-type-1.0.1.tgz",
            "integrity": "sha1-A1zeKwjuISn0qDFeqPAKANuhRTw=",
            "requires": {
                "mime-types": "^2.1.18",
                "ylru": "^1.2.0"
            }
        },
        "co": {
            "version": "4.6.0",
            "resolved": "https://registry.npm.taobao.org/co/download/co-4.6.0.tgz",
            "integrity": "sha1-bqa989hTrlTMuOR7+gvz+QMfsYQ="
        },
        "colorette": {
            "version": "1.2.2",
            "resolved": "https://registry.npm.taobao.org/colorette/download/colorette-1.2.2.tgz?cache=0&sync_timestamp=1614259647923&other_urls=https%3A%2F%2Fregistry.npm.taobao.org%2Fcolorette%2Fdownload%2Fcolorette-1.2.2.tgz",
            "integrity": "sha1-y8x51emcrqLb8Q6zom/Ys+as+pQ="
        },
        "consolidate": {
            "version": "0.16.0",
            "resolved": "https://registry.npm.taobao.org/consolidate/download/consolidate-0.16.0.tgz",
            "integrity": "sha1-oRhkdokw8vGUMWYKZZBmaPX73BY=",
            "requires": {
                "bluebird": "^3.7.2"
            }
        },
        "content-disposition": {
            "version": "0.5.3",
            "resolved": "https://registry.npm.taobao.org/content-disposition/download/content-disposition-0.5.3.tgz",
            "integrity": "sha1-4TDK9+cnkIfFYWwgB9BIVpiYT70=",
            "requires": {
                "safe-buffer": "5.1.2"
            }
        },
        "content-type": {
            "version": "1.0.4",
            "resolved": "https://registry.npm.taobao.org/content-type/download/content-type-1.0.4.tgz",
            "integrity": "sha1-4TjMdeBAxyexlm/l5fjJruJW/js="
        },
        "cookies": {
            "version": "0.8.0",
            "resolved": "https://registry.npm.taobao.org/cookies/download/cookies-0.8.0.tgz",
            "integrity": "sha1-EpPOSzkXQKhAbjyYcOgoxLVPP5A=",
            "requires": {
                "depd": "~2.0.0",
                "keygrip": "~1.1.0"
            }
        },
        "cssesc": {
            "version": "3.0.0",
            "resolved": "https://registry.npm.taobao.org/cssesc/download/cssesc-3.0.0.tgz",
            "integrity": "sha1-N3QZGZA7hoVl4cCep0dEXNGJg+4="
        },
        "debug": {
            "version": "3.1.0",
            "resolved": "https://registry.npm.taobao.org/debug/download/debug-3.1.0.tgz?cache=0&sync_timestamp=1607566512593&other_urls=https%3A%2F%2Fregistry.npm.taobao.org%2Fdebug%2Fdownload%2Fdebug-3.1.0.tgz",
            "integrity": "sha1-W7WgZyYotkFJVmuhaBnmFRjGcmE=",
            "requires": {
                "ms": "2.0.0"
            }
        },
        "deep-equal": {
            "version": "1.0.1",
            "resolved": "https://registry.npm.taobao.org/deep-equal/download/deep-equal-1.0.1.tgz?cache=0&sync_timestamp=1606860166184&other_urls=https%3A%2F%2Fregistry.npm.taobao.org%2Fdeep-equal%2Fdownload%2Fdeep-equal-1.0.1.tgz",
            "integrity": "sha1-9dJgKStmDghO/0zbyfCK0yR0SLU="
        },
        "delegates": {
            "version": "1.0.0",
            "resolved": "https://registry.npm.taobao.org/delegates/download/delegates-1.0.0.tgz",
            "integrity": "sha1-hMbhWbgZBP3KWaDvRM2HDTElD5o="
        },
        "depd": {
            "version": "2.0.0",
            "resolved": "https://registry.npm.taobao.org/depd/download/depd-2.0.0.tgz",
            "integrity": "sha1-tpYWPMdXVg0JzyLMj60Vcbeedt8="
        },
        "destroy": {
            "version": "1.0.4",
            "resolved": "https://registry.npm.taobao.org/destroy/download/destroy-1.0.4.tgz",
            "integrity": "sha1-l4hXRCxEdJ5CBmE+N5RiBYJqvYA="
        },
        "ee-first": {
            "version": "1.1.1",
            "resolved": "https://registry.npm.taobao.org/ee-first/download/ee-first-1.1.1.tgz",
            "integrity": "sha1-WQxhFWsK4vTwJVcyoViyZrxWsh0="
        },
        "emojis-list": {
            "version": "3.0.0",
            "resolved": "https://registry.npm.taobao.org/emojis-list/download/emojis-list-3.0.0.tgz",
            "integrity": "sha1-VXBmIEatKeLpFucariYKvf9Pang="
        },
        "encodeurl": {
            "version": "1.0.2",
            "resolved": "https://registry.npm.taobao.org/encodeurl/download/encodeurl-1.0.2.tgz",
            "integrity": "sha1-rT/0yG7C0CkyL1oCw6mmBslbP1k="
        },
        "escape-html": {
            "version": "1.0.3",
            "resolved": "https://registry.npm.taobao.org/escape-html/download/escape-html-1.0.3.tgz",
            "integrity": "sha1-Aljq5NPQwJdN4cFpGI7wBR0dGYg="
        },
        "estree-walker": {
            "version": "2.0.2",
            "resolved": "https://registry.npm.taobao.org/estree-walker/download/estree-walker-2.0.2.tgz",
            "integrity": "sha1-UvAQF4wqTBF6d1fP6UKtt9LaTKw="
        },
        "fresh": {
            "version": "0.5.2",
            "resolved": "https://registry.npm.taobao.org/fresh/download/fresh-0.5.2.tgz",
            "integrity": "sha1-PYyt2Q2XZWn6g1qx+OSyOhBWBac="
        },
        "fs": {
            "version": "0.0.1-security",
            "resolved": "https://registry.npm.taobao.org/fs/download/fs-0.0.1-security.tgz",
            "integrity": "sha1-invTcYa23d84E/I4WLV+yq9eQdQ="
        },
        "generic-names": {
            "version": "2.0.1",
            "resolved": "https://registry.npm.taobao.org/generic-names/download/generic-names-2.0.1.tgz",
            "integrity": "sha1-+KN46tLMqno08DF7BVVIMq5BuHI=",
            "requires": {
                "loader-utils": "^1.1.0"
            }
        },
        "hash-sum": {
            "version": "2.0.0",
            "resolved": "https://registry.npm.taobao.org/hash-sum/download/hash-sum-2.0.0.tgz",
            "integrity": "sha1-gdAbtd6OpKIUrV1urRtSNGCwtFo="
        },
        "http-assert": {
            "version": "1.4.1",
            "resolved": "https://registry.npm.taobao.org/http-assert/download/http-assert-1.4.1.tgz",
            "integrity": "sha1-xfcl1neqfoc+9zYZm4lobM6zeHg=",
            "requires": {
                "deep-equal": "~1.0.1",
                "http-errors": "~1.7.2"
            },
            "dependencies": {
                "depd": {
                    "version": "1.1.2",
                    "resolved": "https://registry.npm.taobao.org/depd/download/depd-1.1.2.tgz",
                    "integrity": "sha1-m81S4UwJd2PnSbJ0xDRu0uVgtak="
                },
                "http-errors": {
                    "version": "1.7.3",
                    "resolved": "https://registry.npm.taobao.org/http-errors/download/http-errors-1.7.3.tgz?cache=0&sync_timestamp=1593407738381&other_urls=https%3A%2F%2Fregistry.npm.taobao.org%2Fhttp-errors%2Fdownload%2Fhttp-errors-1.7.3.tgz",
                    "integrity": "sha1-bGGeT5xgMIw4UZSYwU+7EKrOuwY=",
                    "requires": {
                        "depd": "~1.1.2",
                        "inherits": "2.0.4",
                        "setprototypeof": "1.1.1",
                        "statuses": ">= 1.5.0 < 2",
                        "toidentifier": "1.0.0"
                    }
                }
            }
        },
        "http-errors": {
            "version": "1.8.0",
            "resolved": "https://registry.npm.taobao.org/http-errors/download/http-errors-1.8.0.tgz?cache=0&sync_timestamp=1593407738381&other_urls=https%3A%2F%2Fregistry.npm.taobao.org%2Fhttp-errors%2Fdownload%2Fhttp-errors-1.8.0.tgz",
            "integrity": "sha1-ddG75JfhBE9R5O6ecEpi8o0zZQc=",
            "requires": {
                "depd": "~1.1.2",
                "inherits": "2.0.4",
                "setprototypeof": "1.2.0",
                "statuses": ">= 1.5.0 < 2",
                "toidentifier": "1.0.0"
            },
            "dependencies": {
                "depd": {
                    "version": "1.1.2",
                    "resolved": "https://registry.npm.taobao.org/depd/download/depd-1.1.2.tgz",
                    "integrity": "sha1-m81S4UwJd2PnSbJ0xDRu0uVgtak="
                },
                "setprototypeof": {
                    "version": "1.2.0",
                    "resolved": "https://registry.npm.taobao.org/setprototypeof/download/setprototypeof-1.2.0.tgz",
                    "integrity": "sha1-ZsmiSnP5/CjL5msJ/tPTPcrxtCQ="
                }
            }
        },
        "icss-replace-symbols": {
            "version": "1.1.0",
            "resolved": "https://registry.npm.taobao.org/icss-replace-symbols/download/icss-replace-symbols-1.1.0.tgz",
            "integrity": "sha1-Bupvg2ead0njhs/h/oEq5dsiPe0="
        },
        "icss-utils": {
            "version": "5.1.0",
            "resolved": "https://registry.npm.taobao.org/icss-utils/download/icss-utils-5.1.0.tgz?cache=0&sync_timestamp=1605801297051&other_urls=https%3A%2F%2Fregistry.npm.taobao.org%2Ficss-utils%2Fdownload%2Ficss-utils-5.1.0.tgz",
            "integrity": "sha1-xr5oWKvQE9do6YNmrkfiXViHsa4="
        },
        "indexes-of": {
            "version": "1.0.1",
            "resolved": "https://registry.npm.taobao.org/indexes-of/download/indexes-of-1.0.1.tgz",
            "integrity": "sha1-8w9xbI4r00bHtn0985FVZqfAVgc="
        },
        "inherits": {
            "version": "2.0.4",
            "resolved": "https://registry.npm.taobao.org/inherits/download/inherits-2.0.4.tgz",
            "integrity": "sha1-D6LGT5MpF8NDOg3tVTY6rjdBa3w="
        },
        "is-generator-function": {
            "version": "1.0.8",
            "resolved": "https://registry.npm.taobao.org/is-generator-function/download/is-generator-function-1.0.8.tgz",
            "integrity": "sha1-37XCsSDgKwqNnSxoBs1WIaqSL3s="
        },
        "json5": {
            "version": "1.0.1",
            "resolved": "https://registry.npm.taobao.org/json5/download/json5-1.0.1.tgz",
            "integrity": "sha1-d5+wAYYE+oVOrL9iUhgNg1Q+Pb4=",
            "requires": {
                "minimist": "^1.2.0"
            }
        },
        "keygrip": {
            "version": "1.1.0",
            "resolved": "https://registry.npm.taobao.org/keygrip/download/keygrip-1.1.0.tgz",
            "integrity": "sha1-hxsWgdXhWcYqRFsMdLYV4JF+ciY=",
            "requires": {
                "tsscmp": "1.0.6"
            }
        },
        "koa": {
            "version": "2.13.1",
            "resolved": "https://registry.npm.taobao.org/koa/download/koa-2.13.1.tgz",
            "integrity": "sha1-YnUXKHWye8/h1FQ1altrn1qbEFE=",
            "requires": {
                "accepts": "^1.3.5",
                "cache-content-type": "^1.0.0",
                "content-disposition": "~0.5.2",
                "content-type": "^1.0.4",
                "cookies": "~0.8.0",
                "debug": "~3.1.0",
                "delegates": "^1.0.0",
                "depd": "^2.0.0",
                "destroy": "^1.0.4",
                "encodeurl": "^1.0.2",
                "escape-html": "^1.0.3",
                "fresh": "~0.5.2",
                "http-assert": "^1.3.0",
                "http-errors": "^1.6.3",
                "is-generator-function": "^1.0.7",
                "koa-compose": "^4.1.0",
                "koa-convert": "^1.2.0",
                "on-finished": "^2.3.0",
                "only": "~0.0.2",
                "parseurl": "^1.3.2",
                "statuses": "^1.5.0",
                "type-is": "^1.6.16",
                "vary": "^1.1.2"
            }
        },
        "koa-compose": {
            "version": "4.1.0",
            "resolved": "https://registry.npm.taobao.org/koa-compose/download/koa-compose-4.1.0.tgz?cache=0&sync_timestamp=1599805339337&other_urls=https%3A%2F%2Fregistry.npm.taobao.org%2Fkoa-compose%2Fdownload%2Fkoa-compose-4.1.0.tgz",
            "integrity": "sha1-UHMGuTcZAdtBEhyBLpI9DWfT6Hc="
        },
        "koa-convert": {
            "version": "1.2.0",
            "resolved": "https://registry.npm.taobao.org/koa-convert/download/koa-convert-1.2.0.tgz",
            "integrity": "sha1-2kCHXfSd4FOQmNFwC1CCDOvNIdA=",
            "requires": {
                "co": "^4.6.0",
                "koa-compose": "^3.0.0"
            },
            "dependencies": {
                "koa-compose": {
                    "version": "3.2.1",
                    "resolved": "https://registry.npm.taobao.org/koa-compose/download/koa-compose-3.2.1.tgz?cache=0&sync_timestamp=1599805339337&other_urls=https%3A%2F%2Fregistry.npm.taobao.org%2Fkoa-compose%2Fdownload%2Fkoa-compose-3.2.1.tgz",
                    "integrity": "sha1-qFzLQLfZhtjlo0Wzoazo6rz1Tec=",
                    "requires": {
                        "any-promise": "^1.1.0"
                    }
                }
            }
        },
        "koa-send": {
            "version": "5.0.1",
            "resolved": "https://registry.npm.taobao.org/koa-send/download/koa-send-5.0.1.tgz",
            "integrity": "sha1-Odzuv6+zldDWC+r/ujpwtPVD/nk=",
            "requires": {
                "debug": "^4.1.1",
                "http-errors": "^1.7.3",
                "resolve-path": "^1.4.0"
            },
            "dependencies": {
                "debug": {
                    "version": "4.3.1",
                    "resolved": "https://registry.npm.taobao.org/debug/download/debug-4.3.1.tgz?cache=0&sync_timestamp=1607566512593&other_urls=https%3A%2F%2Fregistry.npm.taobao.org%2Fdebug%2Fdownload%2Fdebug-4.3.1.tgz",
                    "integrity": "sha1-8NIpxQXgxtjEmsVT0bE9wYP2su4=",
                    "requires": {
                        "ms": "2.1.2"
                    }
                },
                "ms": {
                    "version": "2.1.2",
                    "resolved": "https://registry.npm.taobao.org/ms/download/ms-2.1.2.tgz?cache=0&sync_timestamp=1607433912031&other_urls=https%3A%2F%2Fregistry.npm.taobao.org%2Fms%2Fdownload%2Fms-2.1.2.tgz",
                    "integrity": "sha1-0J0fNXtEP0kzgqjrPM0YOHKuYAk="
                }
            }
        },
        "loader-utils": {
            "version": "1.4.0",
            "resolved": "https://registry.npm.taobao.org/loader-utils/download/loader-utils-1.4.0.tgz",
            "integrity": "sha1-xXm140yzSxp07cbB+za/o3HVphM=",
            "requires": {
                "big.js": "^5.2.2",
                "emojis-list": "^3.0.0",
                "json5": "^1.0.1"
            }
        },
        "lodash": {
            "version": "4.17.21",
            "resolved": "https://registry.npm.taobao.org/lodash/download/lodash-4.17.21.tgz?cache=0&sync_timestamp=1613835813512&other_urls=https%3A%2F%2Fregistry.npm.taobao.org%2Flodash%2Fdownload%2Flodash-4.17.21.tgz",
            "integrity": "sha1-Z5WRxWTDv/quhFTPCz3zcMPWkRw="
        },
        "lodash.camelcase": {
            "version": "4.3.0",
            "resolved": "https://registry.npm.taobao.org/lodash.camelcase/download/lodash.camelcase-4.3.0.tgz",
            "integrity": "sha1-soqmKIorn8ZRA1x3EfZathkDMaY="
        },
        "lru-cache": {
            "version": "5.1.1",
            "resolved": "https://registry.npm.taobao.org/lru-cache/download/lru-cache-5.1.1.tgz?cache=0&sync_timestamp=1594427602316&other_urls=https%3A%2F%2Fregistry.npm.taobao.org%2Flru-cache%2Fdownload%2Flru-cache-5.1.1.tgz",
            "integrity": "sha1-HaJ+ZxAnGUdpXa9oSOhH8B2EuSA=",
            "requires": {
                "yallist": "^3.0.2"
            }
        },
        "magic-string": {
            "version": "0.25.7",
            "resolved": "https://registry.npm.taobao.org/magic-string/download/magic-string-0.25.7.tgz",
            "integrity": "sha1-P0l9b9NMZpxnmNy4IfLvMfVEUFE=",
            "requires": {
                "sourcemap-codec": "^1.4.4"
            }
        },
        "media-typer": {
            "version": "0.3.0",
            "resolved": "https://registry.npm.taobao.org/media-typer/download/media-typer-0.3.0.tgz",
            "integrity": "sha1-hxDXrwqmJvj/+hzgAWhUUmMlV0g="
        },
        "merge-source-map": {
            "version": "1.1.0",
            "resolved": "https://registry.npm.taobao.org/merge-source-map/download/merge-source-map-1.1.0.tgz",
            "integrity": "sha1-L93n5gIJOfcJBqaPLXrmheTIxkY=",
            "requires": {
                "source-map": "^0.6.1"
            }
        },
        "mime-db": {
            "version": "1.47.0",
            "resolved": "https://registry.npm.taobao.org/mime-db/download/mime-db-1.47.0.tgz?cache=0&sync_timestamp=1617306118828&other_urls=https%3A%2F%2Fregistry.npm.taobao.org%2Fmime-db%2Fdownload%2Fmime-db-1.47.0.tgz",
            "integrity": "sha1-jLMT5Zll08Bc+/iYkVomevRqM1w="
        },
        "mime-types": {
            "version": "2.1.30",
            "resolved": "https://registry.npm.taobao.org/mime-types/download/mime-types-2.1.30.tgz?cache=0&sync_timestamp=1617340124913&other_urls=https%3A%2F%2Fregistry.npm.taobao.org%2Fmime-types%2Fdownload%2Fmime-types-2.1.30.tgz",
            "integrity": "sha1-bnvotMR5gl+F7WMmaV23P5MF1i0=",
            "requires": {
                "mime-db": "1.47.0"
            }
        },
        "minimist": {
            "version": "1.2.5",
            "resolved": "https://registry.npm.taobao.org/minimist/download/minimist-1.2.5.tgz",
            "integrity": "sha1-Z9ZgFLZqaoqqDAg8X9WN9OTpdgI="
        },
        "ms": {
            "version": "2.0.0",
            "resolved": "https://registry.npm.taobao.org/ms/download/ms-2.0.0.tgz?cache=0&sync_timestamp=1607433912031&other_urls=https%3A%2F%2Fregistry.npm.taobao.org%2Fms%2Fdownload%2Fms-2.0.0.tgz",
            "integrity": "sha1-VgiurfwAvmwpAd9fmGF4jeDVl8g="
        },
        "nanoid": {
            "version": "3.1.22",
            "resolved": "https://registry.npm.taobao.org/nanoid/download/nanoid-3.1.22.tgz",
            "integrity": "sha1-s1+Pt9FRmQqK69WqUBXAPPcm+EQ="
        },
        "negotiator": {
            "version": "0.6.2",
            "resolved": "https://registry.npm.taobao.org/negotiator/download/negotiator-0.6.2.tgz",
            "integrity": "sha1-/qz3zPUlp3rpY0Q2pkiD/+yjRvs="
        },
        "on-finished": {
            "version": "2.3.0",
            "resolved": "https://registry.npm.taobao.org/on-finished/download/on-finished-2.3.0.tgz",
            "integrity": "sha1-IPEzZIGwg811M3mSoWlxqi2QaUc=",
            "requires": {
                "ee-first": "1.1.1"
            }
        },
        "only": {
            "version": "0.0.2",
            "resolved": "https://registry.npm.taobao.org/only/download/only-0.0.2.tgz",
            "integrity": "sha1-Kv3oTQPlC5qO3EROMGEKcCle37Q="
        },
        "parseurl": {
            "version": "1.3.3",
            "resolved": "https://registry.npm.taobao.org/parseurl/download/parseurl-1.3.3.tgz",
            "integrity": "sha1-naGee+6NEt/wUT7Vt2lXeTvC6NQ="
        },
        "path": {
            "version": "0.12.7",
            "resolved": "https://registry.npm.taobao.org/path/download/path-0.12.7.tgz",
            "integrity": "sha1-1NwqUGxM4hl+tIHr/NWzbAFAsQ8=",
            "requires": {
                "process": "^0.11.1",
                "util": "^0.10.3"
            }
        },
        "path-is-absolute": {
            "version": "1.0.1",
            "resolved": "https://registry.npm.taobao.org/path-is-absolute/download/path-is-absolute-1.0.1.tgz",
            "integrity": "sha1-F0uSaHNVNP+8es5r9TpanhtcX18="
        },
        "postcss": {
            "version": "8.2.9",
            "resolved": "https://registry.npm.taobao.org/postcss/download/postcss-8.2.9.tgz",
            "integrity": "sha1-/ZX/N7XO5VxAmz/dI3KWq0CW+6M=",
            "requires": {
                "colorette": "^1.2.2",
                "nanoid": "^3.1.22",
                "source-map": "^0.6.1"
            }
        },
        "postcss-modules": {
            "version": "4.0.0",
            "resolved": "https://registry.npm.taobao.org/postcss-modules/download/postcss-modules-4.0.0.tgz",
            "integrity": "sha1-K8fydquI8/Gw+t9svXdy1DtfO5s=",
            "requires": {
                "generic-names": "^2.0.1",
                "icss-replace-symbols": "^1.1.0",
                "lodash.camelcase": "^4.3.0",
                "postcss-modules-extract-imports": "^3.0.0",
                "postcss-modules-local-by-default": "^4.0.0",
                "postcss-modules-scope": "^3.0.0",
                "postcss-modules-values": "^4.0.0",
                "string-hash": "^1.1.1"
            }
        },
        "postcss-modules-extract-imports": {
            "version": "3.0.0",
            "resolved": "https://registry.npm.taobao.org/postcss-modules-extract-imports/download/postcss-modules-extract-imports-3.0.0.tgz?cache=0&sync_timestamp=1602588174939&other_urls=https%3A%2F%2Fregistry.npm.taobao.org%2Fpostcss-modules-extract-imports%2Fdownload%2Fpostcss-modules-extract-imports-3.0.0.tgz",
            "integrity": "sha1-zaHwR8CugMl9vijD52pDuIAldB0="
        },
        "postcss-modules-local-by-default": {
            "version": "4.0.0",
            "resolved": "https://registry.npm.taobao.org/postcss-modules-local-by-default/download/postcss-modules-local-by-default-4.0.0.tgz?cache=0&sync_timestamp=1602587684904&other_urls=https%3A%2F%2Fregistry.npm.taobao.org%2Fpostcss-modules-local-by-default%2Fdownload%2Fpostcss-modules-local-by-default-4.0.0.tgz",
            "integrity": "sha1-67tU+uFZjuz99pGgKz/zs5ClpRw=",
            "requires": {
                "icss-utils": "^5.0.0",
                "postcss-selector-parser": "^6.0.2",
                "postcss-value-parser": "^4.1.0"
            }
        },
        "postcss-modules-scope": {
            "version": "3.0.0",
            "resolved": "https://registry.npm.taobao.org/postcss-modules-scope/download/postcss-modules-scope-3.0.0.tgz",
            "integrity": "sha1-nvMVFFbTu/oSDKRImN/Kby+gHwY=",
            "requires": {
                "postcss-selector-parser": "^6.0.4"
            }
        },
        "postcss-modules-values": {
            "version": "4.0.0",
            "resolved": "https://registry.npm.taobao.org/postcss-modules-values/download/postcss-modules-values-4.0.0.tgz?cache=0&sync_timestamp=1602586320532&other_urls=https%3A%2F%2Fregistry.npm.taobao.org%2Fpostcss-modules-values%2Fdownload%2Fpostcss-modules-values-4.0.0.tgz",
            "integrity": "sha1-18Xn5ow7s8myfL9Iyguz/7RgLJw=",
            "requires": {
                "icss-utils": "^5.0.0"
            }
        },
        "postcss-selector-parser": {
            "version": "6.0.4",
            "resolved": "https://registry.npm.taobao.org/postcss-selector-parser/download/postcss-selector-parser-6.0.4.tgz?cache=0&sync_timestamp=1601045453664&other_urls=https%3A%2F%2Fregistry.npm.taobao.org%2Fpostcss-selector-parser%2Fdownload%2Fpostcss-selector-parser-6.0.4.tgz",
            "integrity": "sha1-VgdaE4CgRgTDiwY+p3Z6Epr1wrM=",
            "requires": {
                "cssesc": "^3.0.0",
                "indexes-of": "^1.0.1",
                "uniq": "^1.0.1",
                "util-deprecate": "^1.0.2"
            }
        },
        "postcss-value-parser": {
            "version": "4.1.0",
            "resolved": "https://registry.npm.taobao.org/postcss-value-parser/download/postcss-value-parser-4.1.0.tgz",
            "integrity": "sha1-RD9qIM7WSBor2k+oUypuVdeJoss="
        },
        "process": {
            "version": "0.11.10",
            "resolved": "https://registry.npm.taobao.org/process/download/process-0.11.10.tgz",
            "integrity": "sha1-czIwDoQBYb2j5podHZGn1LwW8YI="
        },
        "resolve-path": {
            "version": "1.4.0",
            "resolved": "https://registry.npm.taobao.org/resolve-path/download/resolve-path-1.4.0.tgz",
            "integrity": "sha1-xL2p9e+y/OZSR4c6s2u02DT+Fvc=",
            "requires": {
                "http-errors": "~1.6.2",
                "path-is-absolute": "1.0.1"
            },
            "dependencies": {
                "depd": {
                    "version": "1.1.2",
                    "resolved": "https://registry.npm.taobao.org/depd/download/depd-1.1.2.tgz",
                    "integrity": "sha1-m81S4UwJd2PnSbJ0xDRu0uVgtak="
                },
                "http-errors": {
                    "version": "1.6.3",
                    "resolved": "https://registry.npm.taobao.org/http-errors/download/http-errors-1.6.3.tgz?cache=0&sync_timestamp=1593407738381&other_urls=https%3A%2F%2Fregistry.npm.taobao.org%2Fhttp-errors%2Fdownload%2Fhttp-errors-1.6.3.tgz",
                    "integrity": "sha1-i1VoC7S+KDoLW/TqLjhYC+HZMg0=",
                    "requires": {
                        "depd": "~1.1.2",
                        "inherits": "2.0.3",
                        "setprototypeof": "1.1.0",
                        "statuses": ">= 1.4.0 < 2"
                    }
                },
                "inherits": {
                    "version": "2.0.3",
                    "resolved": "https://registry.npm.taobao.org/inherits/download/inherits-2.0.3.tgz",
                    "integrity": "sha1-Yzwsg+PaQqUC9SRmAiSA9CCCYd4="
                },
                "setprototypeof": {
                    "version": "1.1.0",
                    "resolved": "https://registry.npm.taobao.org/setprototypeof/download/setprototypeof-1.1.0.tgz",
                    "integrity": "sha1-0L2FU2iHtv58DYGMuWLZ2RxU5lY="
                }
            }
        },
        "safe-buffer": {
            "version": "5.1.2",
            "resolved": "https://registry.npm.taobao.org/safe-buffer/download/safe-buffer-5.1.2.tgz?cache=0&sync_timestamp=1589129010497&other_urls=https%3A%2F%2Fregistry.npm.taobao.org%2Fsafe-buffer%2Fdownload%2Fsafe-buffer-5.1.2.tgz",
            "integrity": "sha1-mR7GnSluAxN0fVm9/St0XDX4go0="
        },
        "setprototypeof": {
            "version": "1.1.1",
            "resolved": "https://registry.npm.taobao.org/setprototypeof/download/setprototypeof-1.1.1.tgz",
            "integrity": "sha1-fpWsskqpL1iF4KvvW6ExMw1K5oM="
        },
        "source-map": {
            "version": "0.6.1",
            "resolved": "https://registry.npm.taobao.org/source-map/download/source-map-0.6.1.tgz",
            "integrity": "sha1-dHIq8y6WFOnCh6jQu95IteLxomM="
        },
        "sourcemap-codec": {
            "version": "1.4.8",
            "resolved": "https://registry.npm.taobao.org/sourcemap-codec/download/sourcemap-codec-1.4.8.tgz",
            "integrity": "sha1-6oBL2UhXQC5pktBaOO8a41qatMQ="
        },
        "statuses": {
            "version": "1.5.0",
            "resolved": "https://registry.npm.taobao.org/statuses/download/statuses-1.5.0.tgz?cache=0&sync_timestamp=1609654060878&other_urls=https%3A%2F%2Fregistry.npm.taobao.org%2Fstatuses%2Fdownload%2Fstatuses-1.5.0.tgz",
            "integrity": "sha1-Fhx9rBd2Wf2YEfQ3cfqZOBR4Yow="
        },
        "string-hash": {
            "version": "1.1.3",
            "resolved": "https://registry.npm.taobao.org/string-hash/download/string-hash-1.1.3.tgz",
            "integrity": "sha1-6Kr8CsGFW0Zmkp7X3RJ1311sgRs="
        },
        "to-fast-properties": {
            "version": "2.0.0",
            "resolved": "https://registry.npm.taobao.org/to-fast-properties/download/to-fast-properties-2.0.0.tgz",
            "integrity": "sha1-3F5pjL0HkmW8c+A3doGk5Og/YW4="
        },
        "toidentifier": {
            "version": "1.0.0",
            "resolved": "https://registry.npm.taobao.org/toidentifier/download/toidentifier-1.0.0.tgz",
            "integrity": "sha1-fhvjRw8ed5SLxD2Uo8j013UrpVM="
        },
        "tsscmp": {
            "version": "1.0.6",
            "resolved": "https://registry.npm.taobao.org/tsscmp/download/tsscmp-1.0.6.tgz",
            "integrity": "sha1-hbmVg6w1iexL/vgltQAKqRHWBes="
        },
        "type-is": {
            "version": "1.6.18",
            "resolved": "https://registry.npm.taobao.org/type-is/download/type-is-1.6.18.tgz",
            "integrity": "sha1-TlUs0F3wlGfcvE73Od6J8s83wTE=",
            "requires": {
                "media-typer": "0.3.0",
                "mime-types": "~2.1.24"
            }
        },
        "uniq": {
            "version": "1.0.1",
            "resolved": "https://registry.npm.taobao.org/uniq/download/uniq-1.0.1.tgz",
            "integrity": "sha1-sxxa6CVIRKOoKBVBzisEuGWnNP8="
        },
        "util": {
            "version": "0.10.4",
            "resolved": "https://registry.npm.taobao.org/util/download/util-0.10.4.tgz",
            "integrity": "sha1-OqASW/5mikZy3liFfTrOJ+y3aQE=",
            "requires": {
                "inherits": "2.0.3"
            },
            "dependencies": {
                "inherits": {
                    "version": "2.0.3",
                    "resolved": "https://registry.npm.taobao.org/inherits/download/inherits-2.0.3.tgz",
                    "integrity": "sha1-Yzwsg+PaQqUC9SRmAiSA9CCCYd4="
                }
            }
        },
        "util-deprecate": {
            "version": "1.0.2",
            "resolved": "https://registry.npm.taobao.org/util-deprecate/download/util-deprecate-1.0.2.tgz",
            "integrity": "sha1-RQ1Nyfpw3nMnYvvS1KKJgUGaDM8="
        },
        "vary": {
            "version": "1.1.2",
            "resolved": "https://registry.npm.taobao.org/vary/download/vary-1.1.2.tgz",
            "integrity": "sha1-IpnwLG3tMNSllhsLn3RSShj2NPw="
        },
        "yallist": {
            "version": "3.1.1",
            "resolved": "https://registry.npm.taobao.org/yallist/download/yallist-3.1.1.tgz",
            "integrity": "sha1-27fa+b/YusmrRev2ArjLrQ1dCP0="
        },
        "ylru": {
            "version": "1.2.1",
            "resolved": "https://registry.npm.taobao.org/ylru/download/ylru-1.2.1.tgz",
            "integrity": "sha1-9Xa2M0FUeYnB3nuiiHYJI7J/6E8="
        }
    }
}
